
Microsoft Visual Studio Solution File, Format Version 12.00
# Visual Studio Version 17
VisualStudioVersion = 17.10.34928.147
MinimumVisualStudioVersion = 10.0.40219.1
Project("{FAE04EC0-301F-11D3-BF4B-00C04F79EFBC}") = "PersonalExpensesTracker", "PersonalExpensesTracker\PersonalExpensesTracker.csproj", "{44701EAF-AB2A-4A01-9EFE-5C5A10D3C68E}"
EndProject
Global
	GlobalSection(SolutionConfigurationPlatforms) = preSolution
		Debug|Any CPU = Debug|Any CPU
		Release|Any CPU = Release|Any CPU
	EndGlobalSection
	GlobalSection(ProjectConfigurationPlatforms) = postSolution
		{44701EAF-AB2A-4A01-9EFE-5C5A10D3C68E}.Debug|Any CPU.ActiveCfg = Debug|Any CPU
		{44701EAF-AB2A-4A01-9EFE-5C5A10D3C68E}.Debug|Any CPU.Build.0 = Debug|Any CPU
		{44701EAF-AB2A-4A01-9EFE-5C5A10D3C68E}.Release|Any CPU.ActiveCfg = Release|Any CPU
		{44701EAF-AB2A-4A01-9EFE-5C5A10D3C68E}.Release|Any CPU.Build.0 = Release|Any CPU
	EndGlobalSection
	GlobalSection(SolutionProperties) = preSolution
		HideSolutionNode = FALSE
	EndGlobalSection
	GlobalSection(ExtensibilityGlobals) = postSolution
		SolutionGuid = {A9DCB941-9850-4658-8DD7-CF8145693C65}
	EndGlobalSection
EndGlobal
